
Microsoft Visual Studio Solution File, Format Version 12.00
# Visual Studio Version 16
VisualStudioVersion = 16.0.30011.22
MinimumVisualStudioVersion = 10.0.40219.1
Project("{FAE04EC0-301F-11D3-BF4B-00C04F79EFBC}") = "TrickingLibrary.Api", "TrickingLibrary.Api\TrickingLibrary.Api.csproj", "{D0DAC82B-E4C2-4C88-9936-AE88295DA40C}"
EndProject
Global
	GlobalSection(SolutionConfigurationPlatforms) = preSolution
		Debug|Any CPU = Debug|Any CPU
		Release|Any CPU = Release|Any CPU
	EndGlobalSection
	GlobalSection(ProjectConfigurationPlatforms) = postSolution
		{D0DAC82B-E4C2-4C88-9936-AE88295DA40C}.Debug|Any CPU.ActiveCfg = Debug|Any CPU
		{D0DAC82B-E4C2-4C88-9936-AE88295DA40C}.Debug|Any CPU.Build.0 = Debug|Any CPU
		{D0DAC82B-E4C2-4C88-9936-AE88295DA40C}.Release|Any CPU.ActiveCfg = Release|Any CPU
		{D0DAC82B-E4C2-4C88-9936-AE88295DA40C}.Release|Any CPU.Build.0 = Release|Any CPU
	EndGlobalSection
	GlobalSection(SolutionProperties) = preSolution
		HideSolutionNode = FALSE
	EndGlobalSection
	GlobalSection(ExtensibilityGlobals) = postSolution
		SolutionGuid = {375AA28F-61F5-4B40-9468-4764B137722C}
	EndGlobalSection
EndGlobal
