
Microsoft Visual Studio Solution File, Format Version 12.00
# Visual Studio Version 16
VisualStudioVersion = 16.0.30011.22
MinimumVisualStudioVersion = 10.0.40219.1
Project("{9A19103F-16F7-4668-BE54-9A1E7A4F7556}") = "TrickingLibrary.Api", "TrickingLibrary.Api\TrickingLibrary.Api.csproj", "{D0DAC82B-E4C2-4C88-9936-AE88295DA40C}"
EndProject
Project("{FAE04EC0-301F-11D3-BF4B-00C04F79EFBC}") = "TrickingLibrary.Models", "TrickingLibrary.Models\TrickingLibrary.Models.csproj", "{1F4025B9-86BE-4711-B5DE-BF9D0AA7DC64}"
EndProject
Project("{FAE04EC0-301F-11D3-BF4B-00C04F79EFBC}") = "TrickingLibrary.Data", "TrickingLibrary.Data\TrickingLibrary.Data.csproj", "{30D0B3B2-AD2B-459C-8F1D-A0D60A1893EB}"
EndProject
Global
	GlobalSection(SolutionConfigurationPlatforms) = preSolution
		Debug|Any CPU = Debug|Any CPU
		Release|Any CPU = Release|Any CPU
	EndGlobalSection
	GlobalSection(ProjectConfigurationPlatforms) = postSolution
		{D0DAC82B-E4C2-4C88-9936-AE88295DA40C}.Debug|Any CPU.ActiveCfg = Debug|Any CPU
		{D0DAC82B-E4C2-4C88-9936-AE88295DA40C}.Debug|Any CPU.Build.0 = Debug|Any CPU
		{D0DAC82B-E4C2-4C88-9936-AE88295DA40C}.Release|Any CPU.ActiveCfg = Release|Any CPU
		{D0DAC82B-E4C2-4C88-9936-AE88295DA40C}.Release|Any CPU.Build.0 = Release|Any CPU
		{1F4025B9-86BE-4711-B5DE-BF9D0AA7DC64}.Debug|Any CPU.ActiveCfg = Debug|Any CPU
		{1F4025B9-86BE-4711-B5DE-BF9D0AA7DC64}.Debug|Any CPU.Build.0 = Debug|Any CPU
		{1F4025B9-86BE-4711-B5DE-BF9D0AA7DC64}.Release|Any CPU.ActiveCfg = Release|Any CPU
		{1F4025B9-86BE-4711-B5DE-BF9D0AA7DC64}.Release|Any CPU.Build.0 = Release|Any CPU
		{30D0B3B2-AD2B-459C-8F1D-A0D60A1893EB}.Debug|Any CPU.ActiveCfg = Debug|Any CPU
		{30D0B3B2-AD2B-459C-8F1D-A0D60A1893EB}.Debug|Any CPU.Build.0 = Debug|Any CPU
		{30D0B3B2-AD2B-459C-8F1D-A0D60A1893EB}.Release|Any CPU.ActiveCfg = Release|Any CPU
		{30D0B3B2-AD2B-459C-8F1D-A0D60A1893EB}.Release|Any CPU.Build.0 = Release|Any CPU
	EndGlobalSection
	GlobalSection(SolutionProperties) = preSolution
		HideSolutionNode = FALSE
	EndGlobalSection
	GlobalSection(ExtensibilityGlobals) = postSolution
		SolutionGuid = {375AA28F-61F5-4B40-9468-4764B137722C}
	EndGlobalSection
EndGlobal
